
Microsoft Visual Studio Solution File, Format Version 12.00
# Visual Studio Version 17
VisualStudioVersion = 17.2.32630.192
MinimumVisualStudioVersion = 10.0.40219.1
Project("{9A19103F-16F7-4668-BE54-9A1E7A4F7556}") = "TravelAssistant_", "TravelAssistant_\TravelAssistant_.csproj", "{754FDDC7-7615-465D-A28D-73B515558BC3}"
EndProject
Project("{2150E333-8FDC-42A3-9474-1A3956D46DE8}") = "Solution Items", "Solution Items", "{634CD633-D861-48AB-AB67-709CB789F1FB}"
	ProjectSection(SolutionItems) = preProject
		.editorconfig = .editorconfig
	EndProjectSection
EndProject
Global
	GlobalSection(SolutionConfigurationPlatforms) = preSolution
		Debug|Any CPU = Debug|Any CPU
		Release|Any CPU = Release|Any CPU
	EndGlobalSection
	GlobalSection(ProjectConfigurationPlatforms) = postSolution
		{754FDDC7-7615-465D-A28D-73B515558BC3}.Debug|Any CPU.ActiveCfg = Debug|Any CPU
		{754FDDC7-7615-465D-A28D-73B515558BC3}.Debug|Any CPU.Build.0 = Debug|Any CPU
		{754FDDC7-7615-465D-A28D-73B515558BC3}.Release|Any CPU.ActiveCfg = Release|Any CPU
		{754FDDC7-7615-465D-A28D-73B515558BC3}.Release|Any CPU.Build.0 = Release|Any CPU
	EndGlobalSection
	GlobalSection(SolutionProperties) = preSolution
		HideSolutionNode = FALSE
	EndGlobalSection
	GlobalSection(ExtensibilityGlobals) = postSolution
		SolutionGuid = {5500886F-D47B-4931-96AB-3311192D939C}
	EndGlobalSection
EndGlobal
